// !$*UTF8*$!
{
	archiveVersion = 1;
	classes = {
	};
	objectVersion = 56;
	objects = {

/* Begin PBXBuildFile section */
		D49375A02B0B80AE00C8B78C /* AppDelegate.swift in Sources */ = {isa = PBXBuildFile; fileRef = D493759F2B0B80AE00C8B78C /* AppDelegate.swift */; };
		D49375A22B0B80AE00C8B78C /* SceneDelegate.swift in Sources */ = {isa = PBXBuildFile; fileRef = D49375A12B0B80AE00C8B78C /* SceneDelegate.swift */; };
		D49375A72B0B80AE00C8B78C /* Main.storyboard in Resources */ = {isa = PBXBuildFile; fileRef = D49375A52B0B80AE00C8B78C /* Main.storyboard */; };
		D49375A92B0B80B100C8B78C /* Assets.xcassets in Resources */ = {isa = PBXBuildFile; fileRef = D49375A82B0B80B100C8B78C /* Assets.xcassets */; };
		D49375AC2B0B80B100C8B78C /* LaunchScreen.storyboard in Resources */ = {isa = PBXBuildFile; fileRef = D49375AA2B0B80B100C8B78C /* LaunchScreen.storyboard */; };
		D4A25BFD2B87AD8B00806D4A /* TrackerCategoryStore.swift in Sources */ = {isa = PBXBuildFile; fileRef = D4A25BFC2B87AD8B00806D4A /* TrackerCategoryStore.swift */; };
		D4A25BFF2B87AE5900806D4A /* TrackerStore.swift in Sources */ = {isa = PBXBuildFile; fileRef = D4A25BFE2B87AE5900806D4A /* TrackerStore.swift */; };
		D4A25C042B87B37700806D4A /* UIColourMarshalling.swift in Sources */ = {isa = PBXBuildFile; fileRef = D4A25C032B87B37700806D4A /* UIColourMarshalling.swift */; };
		D4A25C062B87B3AA00806D4A /* UIScheduleMarshalling.swift in Sources */ = {isa = PBXBuildFile; fileRef = D4A25C052B87B3AA00806D4A /* UIScheduleMarshalling.swift */; };
		D4A25C092B87B96800806D4A /* Model.xcdatamodeld in Sources */ = {isa = PBXBuildFile; fileRef = D4A25C072B87B96800806D4A /* Model.xcdatamodeld */; };
		D4A25C0B2B87C21200806D4A /* TrackerRecordStore.swift in Sources */ = {isa = PBXBuildFile; fileRef = D4A25C0A2B87C21200806D4A /* TrackerRecordStore.swift */; };
		D4BAC42F2B55ED2B0079C803 /* TrackersViewController.swift in Sources */ = {isa = PBXBuildFile; fileRef = D4BAC42E2B55ED2B0079C803 /* TrackersViewController.swift */; };
		D4BAC4312B55F8CA0079C803 /* TabBarController.swift in Sources */ = {isa = PBXBuildFile; fileRef = D4BAC4302B55F8CA0079C803 /* TabBarController.swift */; };
		D4BAC4332B55FCB20079C803 /* StatsViewController.swift in Sources */ = {isa = PBXBuildFile; fileRef = D4BAC4322B55FCB20079C803 /* StatsViewController.swift */; };
		D4BAC4352B55FF380079C803 /* Structures.swift in Sources */ = {isa = PBXBuildFile; fileRef = D4BAC4342B55FF380079C803 /* Structures.swift */; };
		D4BAC4372B56C4E90079C803 /* SelectTypeViewController.swift in Sources */ = {isa = PBXBuildFile; fileRef = D4BAC4362B56C4E90079C803 /* SelectTypeViewController.swift */; };
		D4BAC4392B56CCB10079C803 /* AddItemTrackedViewController.swift in Sources */ = {isa = PBXBuildFile; fileRef = D4BAC4382B56CCB10079C803 /* AddItemTrackedViewController.swift */; };
		D4EC51A72B5F3094009A3CD9 /* EmojisCollectionViewCell.swift in Sources */ = {isa = PBXBuildFile; fileRef = D4EC51A62B5F3094009A3CD9 /* EmojisCollectionViewCell.swift */; };
		D4EC51A92B5F314E009A3CD9 /* ColoursCollectionViewCell.swift in Sources */ = {isa = PBXBuildFile; fileRef = D4EC51A82B5F314E009A3CD9 /* ColoursCollectionViewCell.swift */; };
		D4EC51AB2B5F3217009A3CD9 /* AddItemTrackedSupplView.swift in Sources */ = {isa = PBXBuildFile; fileRef = D4EC51AA2B5F3217009A3CD9 /* AddItemTrackedSupplView.swift */; };
		D4EC51AD2B5F3332009A3CD9 /* AddCategoryViewController.swift in Sources */ = {isa = PBXBuildFile; fileRef = D4EC51AC2B5F3332009A3CD9 /* AddCategoryViewController.swift */; };
		D4EC51AF2B6C4F96009A3CD9 /* SchedulingViewController.swift in Sources */ = {isa = PBXBuildFile; fileRef = D4EC51AE2B6C4F96009A3CD9 /* SchedulingViewController.swift */; };
		D4EC51B12B6C6EF1009A3CD9 /* TrackersSupplementaryView.swift in Sources */ = {isa = PBXBuildFile; fileRef = D4EC51B02B6C6EF1009A3CD9 /* TrackersSupplementaryView.swift */; };
		D4EC51B32B6C70BB009A3CD9 /* TrackersCollectionViewCell.swift in Sources */ = {isa = PBXBuildFile; fileRef = D4EC51B22B6C70BB009A3CD9 /* TrackersCollectionViewCell.swift */; };
/* End PBXBuildFile section */

/* Begin PBXFileReference section */
		D493759C2B0B80AE00C8B78C /* TrackerApp.app */ = {isa = PBXFileReference; explicitFileType = wrapper.application; includeInIndex = 0; path = TrackerApp.app; sourceTree = BUILT_PRODUCTS_DIR; };
		D493759F2B0B80AE00C8B78C /* AppDelegate.swift */ = {isa = PBXFileReference; lastKnownFileType = sourcecode.swift; path = AppDelegate.swift; sourceTree = "<group>"; };
		D49375A12B0B80AE00C8B78C /* SceneDelegate.swift */ = {isa = PBXFileReference; lastKnownFileType = sourcecode.swift; path = SceneDelegate.swift; sourceTree = "<group>"; };
		D49375A62B0B80AE00C8B78C /* Base */ = {isa = PBXFileReference; lastKnownFileType = file.storyboard; name = Base; path = Base.lproj/Main.storyboard; sourceTree = "<group>"; };
		D49375A82B0B80B100C8B78C /* Assets.xcassets */ = {isa = PBXFileReference; lastKnownFileType = folder.assetcatalog; path = Assets.xcassets; sourceTree = "<group>"; };
		D49375AB2B0B80B100C8B78C /* Base */ = {isa = PBXFileReference; lastKnownFileType = file.storyboard; name = Base; path = Base.lproj/LaunchScreen.storyboard; sourceTree = "<group>"; };
		D49375AD2B0B80B100C8B78C /* Info.plist */ = {isa = PBXFileReference; lastKnownFileType = text.plist.xml; path = Info.plist; sourceTree = "<group>"; };
		D4A25BFC2B87AD8B00806D4A /* TrackerCategoryStore.swift */ = {isa = PBXFileReference; lastKnownFileType = sourcecode.swift; path = TrackerCategoryStore.swift; sourceTree = "<group>"; };
		D4A25BFE2B87AE5900806D4A /* TrackerStore.swift */ = {isa = PBXFileReference; lastKnownFileType = sourcecode.swift; path = TrackerStore.swift; sourceTree = "<group>"; };
		D4A25C032B87B37700806D4A /* UIColourMarshalling.swift */ = {isa = PBXFileReference; lastKnownFileType = sourcecode.swift; path = UIColourMarshalling.swift; sourceTree = "<group>"; };
		D4A25C052B87B3AA00806D4A /* UIScheduleMarshalling.swift */ = {isa = PBXFileReference; lastKnownFileType = sourcecode.swift; path = UIScheduleMarshalling.swift; sourceTree = "<group>"; };
		D4A25C082B87B96800806D4A /* Model.xcdatamodel */ = {isa = PBXFileReference; lastKnownFileType = wrapper.xcdatamodel; path = Model.xcdatamodel; sourceTree = "<group>"; };
		D4A25C0A2B87C21200806D4A /* TrackerRecordStore.swift */ = {isa = PBXFileReference; lastKnownFileType = sourcecode.swift; path = TrackerRecordStore.swift; sourceTree = "<group>"; };
		D4BAC42E2B55ED2B0079C803 /* TrackersViewController.swift */ = {isa = PBXFileReference; lastKnownFileType = sourcecode.swift; path = TrackersViewController.swift; sourceTree = "<group>"; };
		D4BAC4302B55F8CA0079C803 /* TabBarController.swift */ = {isa = PBXFileReference; lastKnownFileType = sourcecode.swift; path = TabBarController.swift; sourceTree = "<group>"; };
		D4BAC4322B55FCB20079C803 /* StatsViewController.swift */ = {isa = PBXFileReference; lastKnownFileType = sourcecode.swift; path = StatsViewController.swift; sourceTree = "<group>"; };
		D4BAC4342B55FF380079C803 /* Structures.swift */ = {isa = PBXFileReference; lastKnownFileType = sourcecode.swift; path = Structures.swift; sourceTree = "<group>"; };
		D4BAC4362B56C4E90079C803 /* SelectTypeViewController.swift */ = {isa = PBXFileReference; lastKnownFileType = sourcecode.swift; path = SelectTypeViewController.swift; sourceTree = "<group>"; };
		D4BAC4382B56CCB10079C803 /* AddItemTrackedViewController.swift */ = {isa = PBXFileReference; lastKnownFileType = sourcecode.swift; path = AddItemTrackedViewController.swift; sourceTree = "<group>"; };
		D4EC51A62B5F3094009A3CD9 /* EmojisCollectionViewCell.swift */ = {isa = PBXFileReference; lastKnownFileType = sourcecode.swift; path = EmojisCollectionViewCell.swift; sourceTree = "<group>"; };
		D4EC51A82B5F314E009A3CD9 /* ColoursCollectionViewCell.swift */ = {isa = PBXFileReference; lastKnownFileType = sourcecode.swift; path = ColoursCollectionViewCell.swift; sourceTree = "<group>"; };
		D4EC51AA2B5F3217009A3CD9 /* AddItemTrackedSupplView.swift */ = {isa = PBXFileReference; lastKnownFileType = sourcecode.swift; path = AddItemTrackedSupplView.swift; sourceTree = "<group>"; };
		D4EC51AC2B5F3332009A3CD9 /* AddCategoryViewController.swift */ = {isa = PBXFileReference; lastKnownFileType = sourcecode.swift; path = AddCategoryViewController.swift; sourceTree = "<group>"; };
		D4EC51AE2B6C4F96009A3CD9 /* SchedulingViewController.swift */ = {isa = PBXFileReference; lastKnownFileType = sourcecode.swift; path = SchedulingViewController.swift; sourceTree = "<group>"; };
		D4EC51B02B6C6EF1009A3CD9 /* TrackersSupplementaryView.swift */ = {isa = PBXFileReference; lastKnownFileType = sourcecode.swift; path = TrackersSupplementaryView.swift; sourceTree = "<group>"; };
		D4EC51B22B6C70BB009A3CD9 /* TrackersCollectionViewCell.swift */ = {isa = PBXFileReference; lastKnownFileType = sourcecode.swift; path = TrackersCollectionViewCell.swift; sourceTree = "<group>"; };
/* End PBXFileReference section */

/* Begin PBXFrameworksBuildPhase section */
		D49375992B0B80AE00C8B78C /* Frameworks */ = {
			isa = PBXFrameworksBuildPhase;
			buildActionMask = 2147483647;
			files = (
			);
			runOnlyForDeploymentPostprocessing = 0;
		};
/* End PBXFrameworksBuildPhase section */

/* Begin PBXGroup section */
		D49375932B0B80AE00C8B78C = {
			isa = PBXGroup;
			children = (
				D493759E2B0B80AE00C8B78C /* TrackerApp */,
				D493759D2B0B80AE00C8B78C /* Products */,
			);
			sourceTree = "<group>";
		};
		D493759D2B0B80AE00C8B78C /* Products */ = {
			isa = PBXGroup;
			children = (
				D493759C2B0B80AE00C8B78C /* TrackerApp.app */,
			);
			name = Products;
			sourceTree = "<group>";
		};
		D493759E2B0B80AE00C8B78C /* TrackerApp */ = {
			isa = PBXGroup;
			children = (
				D4A25BFB2B87AD6900806D4A /* Store */,
				D4A25BFA2B794A9600806D4A /* EmojisAndColours */,
				D4A25BF92B794A6800806D4A /* AddItem */,
				D493759F2B0B80AE00C8B78C /* AppDelegate.swift */,
				D4BAC4302B55F8CA0079C803 /* TabBarController.swift */,
				D4A25BF72B794A3200806D4A /* Trackers */,
				D4BAC4322B55FCB20079C803 /* StatsViewController.swift */,
				D49375A12B0B80AE00C8B78C /* SceneDelegate.swift */,
				D49375A52B0B80AE00C8B78C /* Main.storyboard */,
				D49375A82B0B80B100C8B78C /* Assets.xcassets */,
				D49375AA2B0B80B100C8B78C /* LaunchScreen.storyboard */,
				D49375AD2B0B80B100C8B78C /* Info.plist */,
				D4BAC42E2B55ED2B0079C803 /* TrackersViewController.swift */,
				D4BAC4362B56C4E90079C803 /* SelectTypeViewController.swift */,
				D4A25C072B87B96800806D4A /* Model.xcdatamodeld */,
				D4EC51AC2B5F3332009A3CD9 /* AddCategoryViewController.swift */,
				D4BAC4342B55FF380079C803 /* Structures.swift */,
				D4EC51AE2B6C4F96009A3CD9 /* SchedulingViewController.swift */,
			);
			path = TrackerApp;
			sourceTree = "<group>";
		};
		D4A25BF72B794A3200806D4A /* Trackers */ = {
			isa = PBXGroup;
			children = (
				D4EC51B22B6C70BB009A3CD9 /* TrackersCollectionViewCell.swift */,
				D4EC51B02B6C6EF1009A3CD9 /* TrackersSupplementaryView.swift */,
			);
			path = Trackers;
			sourceTree = "<group>";
		};
		D4A25BF92B794A6800806D4A /* AddItem */ = {
			isa = PBXGroup;
			children = (
				D4BAC4382B56CCB10079C803 /* AddItemTrackedViewController.swift */,
				D4EC51AA2B5F3217009A3CD9 /* AddItemTrackedSupplView.swift */,
			);
			path = AddItem;
			sourceTree = "<group>";
		};
		D4A25BFA2B794A9600806D4A /* EmojisAndColours */ = {
			isa = PBXGroup;
			children = (
				D4EC51A62B5F3094009A3CD9 /* EmojisCollectionViewCell.swift */,
				D4EC51A82B5F314E009A3CD9 /* ColoursCollectionViewCell.swift */,
			);
			path = EmojisAndColours;
			sourceTree = "<group>";
		};
		D4A25BFB2B87AD6900806D4A /* Store */ = {
			isa = PBXGroup;
			children = (
				D4A25BFC2B87AD8B00806D4A /* TrackerCategoryStore.swift */,
				D4A25C0A2B87C21200806D4A /* TrackerRecordStore.swift */,
				D4A25BFE2B87AE5900806D4A /* TrackerStore.swift */,
				D4A25C032B87B37700806D4A /* UIColourMarshalling.swift */,
				D4A25C052B87B3AA00806D4A /* UIScheduleMarshalling.swift */,
			);
			path = Store;
			sourceTree = "<group>";
		};
/* End PBXGroup section */

/* Begin PBXNativeTarget section */
		D493759B2B0B80AE00C8B78C /* TrackerApp */ = {
			isa = PBXNativeTarget;
			buildConfigurationList = D49375B02B0B80B100C8B78C /* Build configuration list for PBXNativeTarget "TrackerApp" */;
			buildPhases = (
				D49375982B0B80AE00C8B78C /* Sources */,
				D49375992B0B80AE00C8B78C /* Frameworks */,
				D493759A2B0B80AE00C8B78C /* Resources */,
			);
			buildRules = (
			);
			dependencies = (
			);
			name = TrackerApp;
			productName = TrackerApp;
			productReference = D493759C2B0B80AE00C8B78C /* TrackerApp.app */;
			productType = "com.apple.product-type.application";
		};
/* End PBXNativeTarget section */

/* Begin PBXProject section */
		D49375942B0B80AE00C8B78C /* Project object */ = {
			isa = PBXProject;
			attributes = {
				BuildIndependentTargetsInParallel = 1;
				LastSwiftUpdateCheck = 1420;
				LastUpgradeCheck = 1420;
				TargetAttributes = {
					D493759B2B0B80AE00C8B78C = {
						CreatedOnToolsVersion = 14.2;
					};
				};
			};
			buildConfigurationList = D49375972B0B80AE00C8B78C /* Build configuration list for PBXProject "TrackerApp" */;
			compatibilityVersion = "Xcode 14.0";
			developmentRegion = en;
			hasScannedForEncodings = 0;
			knownRegions = (
				en,
				Base,
			);
			mainGroup = D49375932B0B80AE00C8B78C;
			productRefGroup = D493759D2B0B80AE00C8B78C /* Products */;
			projectDirPath = "";
			projectRoot = "";
			targets = (
				D493759B2B0B80AE00C8B78C /* TrackerApp */,
			);
		};
/* End PBXProject section */

/* Begin PBXResourcesBuildPhase section */
		D493759A2B0B80AE00C8B78C /* Resources */ = {
			isa = PBXResourcesBuildPhase;
			buildActionMask = 2147483647;
			files = (
				D49375AC2B0B80B100C8B78C /* LaunchScreen.storyboard in Resources */,
				D49375A92B0B80B100C8B78C /* Assets.xcassets in Resources */,
				D49375A72B0B80AE00C8B78C /* Main.storyboard in Resources */,
			);
			runOnlyForDeploymentPostprocessing = 0;
		};
/* End PBXResourcesBuildPhase section */

/* Begin PBXSourcesBuildPhase section */
		D49375982B0B80AE00C8B78C /* Sources */ = {
			isa = PBXSourcesBuildPhase;
			buildActionMask = 2147483647;
			files = (
				D49375A02B0B80AE00C8B78C /* AppDelegate.swift in Sources */,
				D4EC51B12B6C6EF1009A3CD9 /* TrackersSupplementaryView.swift in Sources */,
				D4EC51AF2B6C4F96009A3CD9 /* SchedulingViewController.swift in Sources */,
				D4A25C062B87B3AA00806D4A /* UIScheduleMarshalling.swift in Sources */,
				D4EC51B32B6C70BB009A3CD9 /* TrackersCollectionViewCell.swift in Sources */,
				D4BAC4372B56C4E90079C803 /* SelectTypeViewController.swift in Sources */,
				D4EC51A72B5F3094009A3CD9 /* EmojisCollectionViewCell.swift in Sources */,
				D49375A22B0B80AE00C8B78C /* SceneDelegate.swift in Sources */,
				D4EC51A92B5F314E009A3CD9 /* ColoursCollectionViewCell.swift in Sources */,
				D4A25C042B87B37700806D4A /* UIColourMarshalling.swift in Sources */,
				D4EC51AD2B5F3332009A3CD9 /* AddCategoryViewController.swift in Sources */,
				D4BAC4352B55FF380079C803 /* Structures.swift in Sources */,
				D4BAC4312B55F8CA0079C803 /* TabBarController.swift in Sources */,
				D4BAC4332B55FCB20079C803 /* StatsViewController.swift in Sources */,
				D4A25BFD2B87AD8B00806D4A /* TrackerCategoryStore.swift in Sources */,
				D4BAC42F2B55ED2B0079C803 /* TrackersViewController.swift in Sources */,
				D4A25C0B2B87C21200806D4A /* TrackerRecordStore.swift in Sources */,
				D4A25C092B87B96800806D4A /* Model.xcdatamodeld in Sources */,
				D4EC51AB2B5F3217009A3CD9 /* AddItemTrackedSupplView.swift in Sources */,
				D4BAC4392B56CCB10079C803 /* AddItemTrackedViewController.swift in Sources */,
				D4A25BFF2B87AE5900806D4A /* TrackerStore.swift in Sources */,
			);
			runOnlyForDeploymentPostprocessing = 0;
		};
/* End PBXSourcesBuildPhase section */

/* Begin PBXVariantGroup section */
		D49375A52B0B80AE00C8B78C /* Main.storyboard */ = {
			isa = PBXVariantGroup;
			children = (
				D49375A62B0B80AE00C8B78C /* Base */,
			);
			name = Main.storyboard;
			sourceTree = "<group>";
		};
		D49375AA2B0B80B100C8B78C /* LaunchScreen.storyboard */ = {
			isa = PBXVariantGroup;
			children = (
				D49375AB2B0B80B100C8B78C /* Base */,
			);
			name = LaunchScreen.storyboard;
			sourceTree = "<group>";
		};
/* End PBXVariantGroup section */

/* Begin XCBuildConfiguration section */
		D49375AE2B0B80B100C8B78C /* Debug */ = {
			isa = XCBuildConfiguration;
			buildSettings = {
				ALWAYS_SEARCH_USER_PATHS = NO;
				ASSETCATALOG_COMPILER_APPICON_NAME = "";
				CLANG_ANALYZER_NONNULL = YES;
				CLANG_ANALYZER_NUMBER_OBJECT_CONVERSION = YES_AGGRESSIVE;
				CLANG_CXX_LANGUAGE_STANDARD = "gnu++20";
				CLANG_ENABLE_MODULES = YES;
				CLANG_ENABLE_OBJC_ARC = YES;
				CLANG_ENABLE_OBJC_WEAK = YES;
				CLANG_WARN_BLOCK_CAPTURE_AUTORELEASING = YES;
				CLANG_WARN_BOOL_CONVERSION = YES;
				CLANG_WARN_COMMA = YES;
				CLANG_WARN_CONSTANT_CONVERSION = YES;
				CLANG_WARN_DEPRECATED_OBJC_IMPLEMENTATIONS = YES;
				CLANG_WARN_DIRECT_OBJC_ISA_USAGE = YES_ERROR;
				CLANG_WARN_DOCUMENTATION_COMMENTS = YES;
				CLANG_WARN_EMPTY_BODY = YES;
				CLANG_WARN_ENUM_CONVERSION = YES;
				CLANG_WARN_INFINITE_RECURSION = YES;
				CLANG_WARN_INT_CONVERSION = YES;
				CLANG_WARN_NON_LITERAL_NULL_CONVERSION = YES;
				CLANG_WARN_OBJC_IMPLICIT_RETAIN_SELF = YES;
				CLANG_WARN_OBJC_LITERAL_CONVERSION = YES;
				CLANG_WARN_OBJC_ROOT_CLASS = YES_ERROR;
				CLANG_WARN_QUOTED_INCLUDE_IN_FRAMEWORK_HEADER = YES;
				CLANG_WARN_RANGE_LOOP_ANALYSIS = YES;
				CLANG_WARN_STRICT_PROTOTYPES = YES;
				CLANG_WARN_SUSPICIOUS_MOVE = YES;
				CLANG_WARN_UNGUARDED_AVAILABILITY = YES_AGGRESSIVE;
				CLANG_WARN_UNREACHABLE_CODE = YES;
				CLANG_WARN__DUPLICATE_METHOD_MATCH = YES;
				COPY_PHASE_STRIP = NO;
				DEBUG_INFORMATION_FORMAT = dwarf;
				ENABLE_STRICT_OBJC_MSGSEND = YES;
				ENABLE_TESTABILITY = YES;
				GCC_C_LANGUAGE_STANDARD = gnu11;
				GCC_DYNAMIC_NO_PIC = NO;
				GCC_NO_COMMON_BLOCKS = YES;
				GCC_OPTIMIZATION_LEVEL = 0;
				GCC_PREPROCESSOR_DEFINITIONS = (
					"DEBUG=1",
					"$(inherited)",
				);
				GCC_WARN_64_TO_32_BIT_CONVERSION = YES;
				GCC_WARN_ABOUT_RETURN_TYPE = YES_ERROR;
				GCC_WARN_UNDECLARED_SELECTOR = YES;
				GCC_WARN_UNINITIALIZED_AUTOS = YES_AGGRESSIVE;
				GCC_WARN_UNUSED_FUNCTION = YES;
				GCC_WARN_UNUSED_VARIABLE = YES;
				IPHONEOS_DEPLOYMENT_TARGET = 16.2;
				MTL_ENABLE_DEBUG_INFO = INCLUDE_SOURCE;
				MTL_FAST_MATH = YES;
				ONLY_ACTIVE_ARCH = YES;
				SDKROOT = iphoneos;
				SWIFT_ACTIVE_COMPILATION_CONDITIONS = DEBUG;
				SWIFT_OPTIMIZATION_LEVEL = "-Onone";
			};
			name = Debug;
		};
		D49375AF2B0B80B100C8B78C /* Release */ = {
			isa = XCBuildConfiguration;
			buildSettings = {
				ALWAYS_SEARCH_USER_PATHS = NO;
				ASSETCATALOG_COMPILER_APPICON_NAME = "";
				CLANG_ANALYZER_NONNULL = YES;
				CLANG_ANALYZER_NUMBER_OBJECT_CONVERSION = YES_AGGRESSIVE;
				CLANG_CXX_LANGUAGE_STANDARD = "gnu++20";
				CLANG_ENABLE_MODULES = YES;
				CLANG_ENABLE_OBJC_ARC = YES;
				CLANG_ENABLE_OBJC_WEAK = YES;
				CLANG_WARN_BLOCK_CAPTURE_AUTORELEASING = YES;
				CLANG_WARN_BOOL_CONVERSION = YES;
				CLANG_WARN_COMMA = YES;
				CLANG_WARN_CONSTANT_CONVERSION = YES;
				CLANG_WARN_DEPRECATED_OBJC_IMPLEMENTATIONS = YES;
				CLANG_WARN_DIRECT_OBJC_ISA_USAGE = YES_ERROR;
				CLANG_WARN_DOCUMENTATION_COMMENTS = YES;
				CLANG_WARN_EMPTY_BODY = YES;
				CLANG_WARN_ENUM_CONVERSION = YES;
				CLANG_WARN_INFINITE_RECURSION = YES;
				CLANG_WARN_INT_CONVERSION = YES;
				CLANG_WARN_NON_LITERAL_NULL_CONVERSION = YES;
				CLANG_WARN_OBJC_IMPLICIT_RETAIN_SELF = YES;
				CLANG_WARN_OBJC_LITERAL_CONVERSION = YES;
				CLANG_WARN_OBJC_ROOT_CLASS = YES_ERROR;
				CLANG_WARN_QUOTED_INCLUDE_IN_FRAMEWORK_HEADER = YES;
				CLANG_WARN_RANGE_LOOP_ANALYSIS = YES;
				CLANG_WARN_STRICT_PROTOTYPES = YES;
				CLANG_WARN_SUSPICIOUS_MOVE = YES;
				CLANG_WARN_UNGUARDED_AVAILABILITY = YES_AGGRESSIVE;
				CLANG_WARN_UNREACHABLE_CODE = YES;
				CLANG_WARN__DUPLICATE_METHOD_MATCH = YES;
				COPY_PHASE_STRIP = NO;
				DEBUG_INFORMATION_FORMAT = "dwarf-with-dsym";
				ENABLE_NS_ASSERTIONS = NO;
				ENABLE_STRICT_OBJC_MSGSEND = YES;
				GCC_C_LANGUAGE_STANDARD = gnu11;
				GCC_NO_COMMON_BLOCKS = YES;
				GCC_WARN_64_TO_32_BIT_CONVERSION = YES;
				GCC_WARN_ABOUT_RETURN_TYPE = YES_ERROR;
				GCC_WARN_UNDECLARED_SELECTOR = YES;
				GCC_WARN_UNINITIALIZED_AUTOS = YES_AGGRESSIVE;
				GCC_WARN_UNUSED_FUNCTION = YES;
				GCC_WARN_UNUSED_VARIABLE = YES;
				IPHONEOS_DEPLOYMENT_TARGET = 16.2;
				MTL_ENABLE_DEBUG_INFO = NO;
				MTL_FAST_MATH = YES;
				SDKROOT = iphoneos;
				SWIFT_COMPILATION_MODE = wholemodule;
				SWIFT_OPTIMIZATION_LEVEL = "-O";
				VALIDATE_PRODUCT = YES;
			};
			name = Release;
		};
		D49375B12B0B80B100C8B78C /* Debug */ = {
			isa = XCBuildConfiguration;
			buildSettings = {
				ASSETCATALOG_COMPILER_GLOBAL_ACCENT_COLOR_NAME = AccentColor;
				CODE_SIGN_STYLE = Automatic;
				CURRENT_PROJECT_VERSION = 1;
				GENERATE_INFOPLIST_FILE = YES;
				INFOPLIST_FILE = TrackerApp/Info.plist;
				INFOPLIST_KEY_UIApplicationSupportsIndirectInputEvents = YES;
				INFOPLIST_KEY_UILaunchStoryboardName = LaunchScreen;
				INFOPLIST_KEY_UIMainStoryboardFile = Main;
				INFOPLIST_KEY_UISupportedInterfaceOrientations = UIInterfaceOrientationPortrait;
				INFOPLIST_KEY_UISupportedInterfaceOrientations_iPad = "UIInterfaceOrientationLandscapeLeft UIInterfaceOrientationLandscapeRight UIInterfaceOrientationPortrait UIInterfaceOrientationPortraitUpsideDown";
				IPHONEOS_DEPLOYMENT_TARGET = 13.4;
				LD_RUNPATH_SEARCH_PATHS = (
					"$(inherited)",
					"@executable_path/Frameworks",
				);
				MARKETING_VERSION = 1.0;
				PRODUCT_BUNDLE_IDENTIFIER = ru.yandex.practicum.TrackerApp;
				PRODUCT_NAME = "$(TARGET_NAME)";
				SUPPORTED_PLATFORMS = "iphoneos iphonesimulator";
				SUPPORTS_MACCATALYST = NO;
				SUPPORTS_MAC_DESIGNED_FOR_IPHONE_IPAD = YES;
				SWIFT_EMIT_LOC_STRINGS = YES;
				SWIFT_VERSION = 5.0;
				TARGETED_DEVICE_FAMILY = 1;
			};
			name = Debug;
		};
		D49375B22B0B80B100C8B78C /* Release */ = {
			isa = XCBuildConfiguration;
			buildSettings = {
				ASSETCATALOG_COMPILER_GLOBAL_ACCENT_COLOR_NAME = AccentColor;
				CODE_SIGN_STYLE = Automatic;
				CURRENT_PROJECT_VERSION = 1;
				GENERATE_INFOPLIST_FILE = YES;
				INFOPLIST_FILE = TrackerApp/Info.plist;
				INFOPLIST_KEY_UIApplicationSupportsIndirectInputEvents = YES;
				INFOPLIST_KEY_UILaunchStoryboardName = LaunchScreen;
				INFOPLIST_KEY_UIMainStoryboardFile = Main;
				INFOPLIST_KEY_UISupportedInterfaceOrientations = UIInterfaceOrientationPortrait;
				INFOPLIST_KEY_UISupportedInterfaceOrientations_iPad = "UIInterfaceOrientationLandscapeLeft UIInterfaceOrientationLandscapeRight UIInterfaceOrientationPortrait UIInterfaceOrientationPortraitUpsideDown";
				IPHONEOS_DEPLOYMENT_TARGET = 13.4;
				LD_RUNPATH_SEARCH_PATHS = (
					"$(inherited)",
					"@executable_path/Frameworks",
				);
				MARKETING_VERSION = 1.0;
				PRODUCT_BUNDLE_IDENTIFIER = ru.yandex.practicum.TrackerApp;
				PRODUCT_NAME = "$(TARGET_NAME)";
				SUPPORTED_PLATFORMS = "iphoneos iphonesimulator";
				SUPPORTS_MACCATALYST = NO;
				SUPPORTS_MAC_DESIGNED_FOR_IPHONE_IPAD = YES;
				SWIFT_EMIT_LOC_STRINGS = YES;
				SWIFT_VERSION = 5.0;
				TARGETED_DEVICE_FAMILY = 1;
			};
			name = Release;
		};
/* End XCBuildConfiguration section */

/* Begin XCConfigurationList section */
		D49375972B0B80AE00C8B78C /* Build configuration list for PBXProject "TrackerApp" */ = {
			isa = XCConfigurationList;
			buildConfigurations = (
				D49375AE2B0B80B100C8B78C /* Debug */,
				D49375AF2B0B80B100C8B78C /* Release */,
			);
			defaultConfigurationIsVisible = 0;
			defaultConfigurationName = Release;
		};
		D49375B02B0B80B100C8B78C /* Build configuration list for PBXNativeTarget "TrackerApp" */ = {
			isa = XCConfigurationList;
			buildConfigurations = (
				D49375B12B0B80B100C8B78C /* Debug */,
				D49375B22B0B80B100C8B78C /* Release */,
			);
			defaultConfigurationIsVisible = 0;
			defaultConfigurationName = Release;
		};
/* End XCConfigurationList section */

/* Begin XCVersionGroup section */
		D4A25C072B87B96800806D4A /* Model.xcdatamodeld */ = {
			isa = XCVersionGroup;
			children = (
				D4A25C082B87B96800806D4A /* Model.xcdatamodel */,
			);
			currentVersion = D4A25C082B87B96800806D4A /* Model.xcdatamodel */;
			path = Model.xcdatamodeld;
			sourceTree = "<group>";
			versionGroupType = wrapper.xcdatamodel;
		};
/* End XCVersionGroup section */
	};
	rootObject = D49375942B0B80AE00C8B78C /* Project object */;
}
