// !$*UTF8*$!
{
	archiveVersion = 1;
	classes = {
	};
	objectVersion = 56;
	objects = {

/* Begin PBXBuildFile section */
		79D9368855D6A12B0D39C5E2 /* Pods_TrackerApp.framework in Frameworks */ = {isa = PBXBuildFile; fileRef = 79D9B8288780D663D84258E5 /* Pods_TrackerApp.framework */; };
		ADF0C8DE47039493898EA931 /* Pods_TrackerAppTests.framework in Frameworks */ = {isa = PBXBuildFile; fileRef = 64DDA9E3E8FA3EE64F06422A /* Pods_TrackerAppTests.framework */; };
		D40F07522BA78DCA0010EACE /* EditTrackerViewController.swift in Sources */ = {isa = PBXBuildFile; fileRef = D40F07512BA78DCA0010EACE /* EditTrackerViewController.swift */; };
		D43017052BA8D91E0061875E /* InlineSnapshotTesting in Frameworks */ = {isa = PBXBuildFile; productRef = D43017042BA8D91E0061875E /* InlineSnapshotTesting */; };
		D43017072BA8D9220061875E /* SnapshotTesting in Frameworks */ = {isa = PBXBuildFile; productRef = D43017062BA8D9220061875E /* SnapshotTesting */; };
		D47968A22BA673D1008A1128 /* Localizable.strings in Resources */ = {isa = PBXBuildFile; fileRef = D47968A42BA673D1008A1128 /* Localizable.strings */; };
		D47968A92BA76301008A1128 /* StatisticsView.swift in Sources */ = {isa = PBXBuildFile; fileRef = D47968A82BA76301008A1128 /* StatisticsView.swift */; };
		D47968AB2BA7687B008A1128 /* FilterViewController.swift in Sources */ = {isa = PBXBuildFile; fileRef = D47968AA2BA7687B008A1128 /* FilterViewController.swift */; };
		D49375A02B0B80AE00C8B78C /* AppDelegate.swift in Sources */ = {isa = PBXBuildFile; fileRef = D493759F2B0B80AE00C8B78C /* AppDelegate.swift */; };
		D49375A22B0B80AE00C8B78C /* SceneDelegate.swift in Sources */ = {isa = PBXBuildFile; fileRef = D49375A12B0B80AE00C8B78C /* SceneDelegate.swift */; };
		D49375A72B0B80AE00C8B78C /* Main.storyboard in Resources */ = {isa = PBXBuildFile; fileRef = D49375A52B0B80AE00C8B78C /* Main.storyboard */; };
		D49375A92B0B80B100C8B78C /* Assets.xcassets in Resources */ = {isa = PBXBuildFile; fileRef = D49375A82B0B80B100C8B78C /* Assets.xcassets */; };
		D49375AC2B0B80B100C8B78C /* LaunchScreen.storyboard in Resources */ = {isa = PBXBuildFile; fileRef = D49375AA2B0B80B100C8B78C /* LaunchScreen.storyboard */; };
		D4A25BFD2B87AD8B00806D4A /* TrackerCategoryStore.swift in Sources */ = {isa = PBXBuildFile; fileRef = D4A25BFC2B87AD8B00806D4A /* TrackerCategoryStore.swift */; };
		D4A25BFF2B87AE5900806D4A /* TrackerStore.swift in Sources */ = {isa = PBXBuildFile; fileRef = D4A25BFE2B87AE5900806D4A /* TrackerStore.swift */; };
		D4A25C042B87B37700806D4A /* UIColourMarshalling.swift in Sources */ = {isa = PBXBuildFile; fileRef = D4A25C032B87B37700806D4A /* UIColourMarshalling.swift */; };
		D4A25C062B87B3AA00806D4A /* UIScheduleMarshalling.swift in Sources */ = {isa = PBXBuildFile; fileRef = D4A25C052B87B3AA00806D4A /* UIScheduleMarshalling.swift */; };
		D4A25C092B87B96800806D4A /* Model.xcdatamodeld in Sources */ = {isa = PBXBuildFile; fileRef = D4A25C072B87B96800806D4A /* Model.xcdatamodeld */; };
		D4A25C0B2B87C21200806D4A /* TrackerRecordStore.swift in Sources */ = {isa = PBXBuildFile; fileRef = D4A25C0A2B87C21200806D4A /* TrackerRecordStore.swift */; };
		D4AB2E5C2B94D1E900249B34 /* CategoryModel.swift in Sources */ = {isa = PBXBuildFile; fileRef = D4AB2E5B2B94D1E900249B34 /* CategoryModel.swift */; };
		D4AB2E5E2B94D24D00249B34 /* CategoryViewController.swift in Sources */ = {isa = PBXBuildFile; fileRef = D4AB2E5D2B94D24D00249B34 /* CategoryViewController.swift */; };
		D4AB2E602B9A4B9800249B34 /* CategoryViewModel.swift in Sources */ = {isa = PBXBuildFile; fileRef = D4AB2E5F2B9A4B9800249B34 /* CategoryViewModel.swift */; };
		D4AB2E622B9A4EE700249B34 /* CreateNewCategoryViewController.swift in Sources */ = {isa = PBXBuildFile; fileRef = D4AB2E612B9A4EE700249B34 /* CreateNewCategoryViewController.swift */; };
		D4AB2E642B9A63DB00249B34 /* TrackerCategoryViewCell.swift in Sources */ = {isa = PBXBuildFile; fileRef = D4AB2E632B9A63DB00249B34 /* TrackerCategoryViewCell.swift */; };
		D4AB2E662B9A64B600249B34 /* Observable.swift in Sources */ = {isa = PBXBuildFile; fileRef = D4AB2E652B9A64B600249B34 /* Observable.swift */; };
		D4AB2E692B9A725100249B34 /* OnboardingViewController.swift in Sources */ = {isa = PBXBuildFile; fileRef = D4AB2E682B9A725100249B34 /* OnboardingViewController.swift */; };
		D4AB2E6B2B9A72A800249B34 /* OnboardingPageViewController.swift in Sources */ = {isa = PBXBuildFile; fileRef = D4AB2E6A2B9A72A800249B34 /* OnboardingPageViewController.swift */; };
		D4BAC42F2B55ED2B0079C803 /* TrackersViewController.swift in Sources */ = {isa = PBXBuildFile; fileRef = D4BAC42E2B55ED2B0079C803 /* TrackersViewController.swift */; };
		D4BAC4312B55F8CA0079C803 /* TabBarController.swift in Sources */ = {isa = PBXBuildFile; fileRef = D4BAC4302B55F8CA0079C803 /* TabBarController.swift */; };
		D4BAC4332B55FCB20079C803 /* StatsViewController.swift in Sources */ = {isa = PBXBuildFile; fileRef = D4BAC4322B55FCB20079C803 /* StatsViewController.swift */; };
		D4BAC4352B55FF380079C803 /* Structures.swift in Sources */ = {isa = PBXBuildFile; fileRef = D4BAC4342B55FF380079C803 /* Structures.swift */; };
		D4BAC4372B56C4E90079C803 /* SelectTypeViewController.swift in Sources */ = {isa = PBXBuildFile; fileRef = D4BAC4362B56C4E90079C803 /* SelectTypeViewController.swift */; };
		D4BAC4392B56CCB10079C803 /* AddItemTrackedViewController.swift in Sources */ = {isa = PBXBuildFile; fileRef = D4BAC4382B56CCB10079C803 /* AddItemTrackedViewController.swift */; };
		D4E33B5B2BA784000056652F /* AnalyticsService.swift in Sources */ = {isa = PBXBuildFile; fileRef = D4E33B5A2BA784000056652F /* AnalyticsService.swift */; };
		D4EC51A72B5F3094009A3CD9 /* EmojisCollectionViewCell.swift in Sources */ = {isa = PBXBuildFile; fileRef = D4EC51A62B5F3094009A3CD9 /* EmojisCollectionViewCell.swift */; };
		D4EC51A92B5F314E009A3CD9 /* ColoursCollectionViewCell.swift in Sources */ = {isa = PBXBuildFile; fileRef = D4EC51A82B5F314E009A3CD9 /* ColoursCollectionViewCell.swift */; };
		D4EC51AB2B5F3217009A3CD9 /* AddItemTrackedSupplView.swift in Sources */ = {isa = PBXBuildFile; fileRef = D4EC51AA2B5F3217009A3CD9 /* AddItemTrackedSupplView.swift */; };
		D4EC51AD2B5F3332009A3CD9 /* AddCategoryViewController.swift in Sources */ = {isa = PBXBuildFile; fileRef = D4EC51AC2B5F3332009A3CD9 /* AddCategoryViewController.swift */; };
		D4EC51AF2B6C4F96009A3CD9 /* SchedulingViewController.swift in Sources */ = {isa = PBXBuildFile; fileRef = D4EC51AE2B6C4F96009A3CD9 /* SchedulingViewController.swift */; };
		D4EC51B12B6C6EF1009A3CD9 /* TrackersSupplementaryView.swift in Sources */ = {isa = PBXBuildFile; fileRef = D4EC51B02B6C6EF1009A3CD9 /* TrackersSupplementaryView.swift */; };
		D4EC51B32B6C70BB009A3CD9 /* TrackersCollectionViewCell.swift in Sources */ = {isa = PBXBuildFile; fileRef = D4EC51B22B6C70BB009A3CD9 /* TrackersCollectionViewCell.swift */; };
		D4FDB15F2BA79FB6004DAEA7 /* TrackerAppTests.swift in Sources */ = {isa = PBXBuildFile; fileRef = D4FDB15E2BA79FB6004DAEA7 /* TrackerAppTests.swift */; };
/* End PBXBuildFile section */

/* Begin PBXContainerItemProxy section */
		D4FDB1602BA79FB6004DAEA7 /* PBXContainerItemProxy */ = {
			isa = PBXContainerItemProxy;
			containerPortal = D49375942B0B80AE00C8B78C /* Project object */;
			proxyType = 1;
			remoteGlobalIDString = D493759B2B0B80AE00C8B78C;
			remoteInfo = TrackerApp;
		};
/* End PBXContainerItemProxy section */

/* Begin PBXFileReference section */
		23C4947040F8661B0937035C /* Pods-TrackerAppTests.release.xcconfig */ = {isa = PBXFileReference; includeInIndex = 1; lastKnownFileType = text.xcconfig; name = "Pods-TrackerAppTests.release.xcconfig"; path = "Target Support Files/Pods-TrackerAppTests/Pods-TrackerAppTests.release.xcconfig"; sourceTree = "<group>"; };
		30E42E831843B3911B1380C2 /* Pods-TrackerApp.release.xcconfig */ = {isa = PBXFileReference; includeInIndex = 1; lastKnownFileType = text.xcconfig; name = "Pods-TrackerApp.release.xcconfig"; path = "Target Support Files/Pods-TrackerApp/Pods-TrackerApp.release.xcconfig"; sourceTree = "<group>"; };
		64DDA9E3E8FA3EE64F06422A /* Pods_TrackerAppTests.framework */ = {isa = PBXFileReference; explicitFileType = wrapper.framework; includeInIndex = 0; path = Pods_TrackerAppTests.framework; sourceTree = BUILT_PRODUCTS_DIR; };
		79D9B8288780D663D84258E5 /* Pods_TrackerApp.framework */ = {isa = PBXFileReference; explicitFileType = wrapper.framework; includeInIndex = 0; path = Pods_TrackerApp.framework; sourceTree = BUILT_PRODUCTS_DIR; };
		9A21C14B1C894B2B3DC48931 /* Pods-TrackerApp.debug.xcconfig */ = {isa = PBXFileReference; includeInIndex = 1; lastKnownFileType = text.xcconfig; name = "Pods-TrackerApp.debug.xcconfig"; path = "Target Support Files/Pods-TrackerApp/Pods-TrackerApp.debug.xcconfig"; sourceTree = "<group>"; };
		D40F07512BA78DCA0010EACE /* EditTrackerViewController.swift */ = {isa = PBXFileReference; lastKnownFileType = sourcecode.swift; path = EditTrackerViewController.swift; sourceTree = "<group>"; };
		D47968A32BA673D1008A1128 /* en */ = {isa = PBXFileReference; lastKnownFileType = text.plist.strings; name = en; path = en.lproj/Localizable.strings; sourceTree = "<group>"; };
		D47968A62BA673FF008A1128 /* ru */ = {isa = PBXFileReference; lastKnownFileType = text.plist.strings; name = ru; path = ru.lproj/Localizable.strings; sourceTree = "<group>"; };
		D47968A82BA76301008A1128 /* StatisticsView.swift */ = {isa = PBXFileReference; lastKnownFileType = sourcecode.swift; path = StatisticsView.swift; sourceTree = "<group>"; };
		D47968AA2BA7687B008A1128 /* FilterViewController.swift */ = {isa = PBXFileReference; lastKnownFileType = sourcecode.swift; path = FilterViewController.swift; sourceTree = "<group>"; };
		D493759C2B0B80AE00C8B78C /* TrackerApp.app */ = {isa = PBXFileReference; explicitFileType = wrapper.application; includeInIndex = 0; path = TrackerApp.app; sourceTree = BUILT_PRODUCTS_DIR; };
		D493759F2B0B80AE00C8B78C /* AppDelegate.swift */ = {isa = PBXFileReference; lastKnownFileType = sourcecode.swift; path = AppDelegate.swift; sourceTree = "<group>"; };
		D49375A12B0B80AE00C8B78C /* SceneDelegate.swift */ = {isa = PBXFileReference; lastKnownFileType = sourcecode.swift; path = SceneDelegate.swift; sourceTree = "<group>"; };
		D49375A62B0B80AE00C8B78C /* Base */ = {isa = PBXFileReference; lastKnownFileType = file.storyboard; name = Base; path = Base.lproj/Main.storyboard; sourceTree = "<group>"; };
		D49375A82B0B80B100C8B78C /* Assets.xcassets */ = {isa = PBXFileReference; lastKnownFileType = folder.assetcatalog; path = Assets.xcassets; sourceTree = "<group>"; };
		D49375AB2B0B80B100C8B78C /* Base */ = {isa = PBXFileReference; lastKnownFileType = file.storyboard; name = Base; path = Base.lproj/LaunchScreen.storyboard; sourceTree = "<group>"; };
		D49375AD2B0B80B100C8B78C /* Info.plist */ = {isa = PBXFileReference; lastKnownFileType = text.plist.xml; path = Info.plist; sourceTree = "<group>"; };
		D4A25BFC2B87AD8B00806D4A /* TrackerCategoryStore.swift */ = {isa = PBXFileReference; lastKnownFileType = sourcecode.swift; path = TrackerCategoryStore.swift; sourceTree = "<group>"; };
		D4A25BFE2B87AE5900806D4A /* TrackerStore.swift */ = {isa = PBXFileReference; lastKnownFileType = sourcecode.swift; path = TrackerStore.swift; sourceTree = "<group>"; };
		D4A25C032B87B37700806D4A /* UIColourMarshalling.swift */ = {isa = PBXFileReference; lastKnownFileType = sourcecode.swift; path = UIColourMarshalling.swift; sourceTree = "<group>"; };
		D4A25C052B87B3AA00806D4A /* UIScheduleMarshalling.swift */ = {isa = PBXFileReference; lastKnownFileType = sourcecode.swift; path = UIScheduleMarshalling.swift; sourceTree = "<group>"; };
		D4A25C082B87B96800806D4A /* Model.xcdatamodel */ = {isa = PBXFileReference; lastKnownFileType = wrapper.xcdatamodel; path = Model.xcdatamodel; sourceTree = "<group>"; };
		D4A25C0A2B87C21200806D4A /* TrackerRecordStore.swift */ = {isa = PBXFileReference; lastKnownFileType = sourcecode.swift; path = TrackerRecordStore.swift; sourceTree = "<group>"; };
		D4AB2E5B2B94D1E900249B34 /* CategoryModel.swift */ = {isa = PBXFileReference; lastKnownFileType = sourcecode.swift; path = CategoryModel.swift; sourceTree = "<group>"; };
		D4AB2E5D2B94D24D00249B34 /* CategoryViewController.swift */ = {isa = PBXFileReference; lastKnownFileType = sourcecode.swift; path = CategoryViewController.swift; sourceTree = "<group>"; };
		D4AB2E5F2B9A4B9800249B34 /* CategoryViewModel.swift */ = {isa = PBXFileReference; lastKnownFileType = sourcecode.swift; path = CategoryViewModel.swift; sourceTree = "<group>"; };
		D4AB2E612B9A4EE700249B34 /* CreateNewCategoryViewController.swift */ = {isa = PBXFileReference; lastKnownFileType = sourcecode.swift; path = CreateNewCategoryViewController.swift; sourceTree = "<group>"; };
		D4AB2E632B9A63DB00249B34 /* TrackerCategoryViewCell.swift */ = {isa = PBXFileReference; lastKnownFileType = sourcecode.swift; path = TrackerCategoryViewCell.swift; sourceTree = "<group>"; };
		D4AB2E652B9A64B600249B34 /* Observable.swift */ = {isa = PBXFileReference; lastKnownFileType = sourcecode.swift; path = Observable.swift; sourceTree = "<group>"; };
		D4AB2E682B9A725100249B34 /* OnboardingViewController.swift */ = {isa = PBXFileReference; lastKnownFileType = sourcecode.swift; path = OnboardingViewController.swift; sourceTree = "<group>"; };
		D4AB2E6A2B9A72A800249B34 /* OnboardingPageViewController.swift */ = {isa = PBXFileReference; lastKnownFileType = sourcecode.swift; path = OnboardingPageViewController.swift; sourceTree = "<group>"; };
		D4BAC42E2B55ED2B0079C803 /* TrackersViewController.swift */ = {isa = PBXFileReference; lastKnownFileType = sourcecode.swift; path = TrackersViewController.swift; sourceTree = "<group>"; };
		D4BAC4302B55F8CA0079C803 /* TabBarController.swift */ = {isa = PBXFileReference; lastKnownFileType = sourcecode.swift; path = TabBarController.swift; sourceTree = "<group>"; };
		D4BAC4322B55FCB20079C803 /* StatsViewController.swift */ = {isa = PBXFileReference; lastKnownFileType = sourcecode.swift; path = StatsViewController.swift; sourceTree = "<group>"; };
		D4BAC4342B55FF380079C803 /* Structures.swift */ = {isa = PBXFileReference; lastKnownFileType = sourcecode.swift; path = Structures.swift; sourceTree = "<group>"; };
		D4BAC4362B56C4E90079C803 /* SelectTypeViewController.swift */ = {isa = PBXFileReference; lastKnownFileType = sourcecode.swift; path = SelectTypeViewController.swift; sourceTree = "<group>"; };
		D4BAC4382B56CCB10079C803 /* AddItemTrackedViewController.swift */ = {isa = PBXFileReference; lastKnownFileType = sourcecode.swift; path = AddItemTrackedViewController.swift; sourceTree = "<group>"; };
		D4E33B5A2BA784000056652F /* AnalyticsService.swift */ = {isa = PBXFileReference; lastKnownFileType = sourcecode.swift; path = AnalyticsService.swift; sourceTree = "<group>"; };
		D4EC51A62B5F3094009A3CD9 /* EmojisCollectionViewCell.swift */ = {isa = PBXFileReference; lastKnownFileType = sourcecode.swift; path = EmojisCollectionViewCell.swift; sourceTree = "<group>"; };
		D4EC51A82B5F314E009A3CD9 /* ColoursCollectionViewCell.swift */ = {isa = PBXFileReference; lastKnownFileType = sourcecode.swift; path = ColoursCollectionViewCell.swift; sourceTree = "<group>"; };
		D4EC51AA2B5F3217009A3CD9 /* AddItemTrackedSupplView.swift */ = {isa = PBXFileReference; lastKnownFileType = sourcecode.swift; path = AddItemTrackedSupplView.swift; sourceTree = "<group>"; };
		D4EC51AC2B5F3332009A3CD9 /* AddCategoryViewController.swift */ = {isa = PBXFileReference; lastKnownFileType = sourcecode.swift; path = AddCategoryViewController.swift; sourceTree = "<group>"; };
		D4EC51AE2B6C4F96009A3CD9 /* SchedulingViewController.swift */ = {isa = PBXFileReference; lastKnownFileType = sourcecode.swift; path = SchedulingViewController.swift; sourceTree = "<group>"; };
		D4EC51B02B6C6EF1009A3CD9 /* TrackersSupplementaryView.swift */ = {isa = PBXFileReference; lastKnownFileType = sourcecode.swift; path = TrackersSupplementaryView.swift; sourceTree = "<group>"; };
		D4EC51B22B6C70BB009A3CD9 /* TrackersCollectionViewCell.swift */ = {isa = PBXFileReference; lastKnownFileType = sourcecode.swift; path = TrackersCollectionViewCell.swift; sourceTree = "<group>"; };
		D4FDB15C2BA79FB6004DAEA7 /* TrackerAppTests.xctest */ = {isa = PBXFileReference; explicitFileType = wrapper.cfbundle; includeInIndex = 0; path = TrackerAppTests.xctest; sourceTree = BUILT_PRODUCTS_DIR; };
		D4FDB15E2BA79FB6004DAEA7 /* TrackerAppTests.swift */ = {isa = PBXFileReference; lastKnownFileType = sourcecode.swift; path = TrackerAppTests.swift; sourceTree = "<group>"; };
		F0770DCFBC73B6D819C47DFE /* Pods-TrackerAppTests.debug.xcconfig */ = {isa = PBXFileReference; includeInIndex = 1; lastKnownFileType = text.xcconfig; name = "Pods-TrackerAppTests.debug.xcconfig"; path = "Target Support Files/Pods-TrackerAppTests/Pods-TrackerAppTests.debug.xcconfig"; sourceTree = "<group>"; };
/* End PBXFileReference section */

/* Begin PBXFrameworksBuildPhase section */
		D49375992B0B80AE00C8B78C /* Frameworks */ = {
			isa = PBXFrameworksBuildPhase;
			buildActionMask = 2147483647;
			files = (
				79D9368855D6A12B0D39C5E2 /* Pods_TrackerApp.framework in Frameworks */,
			);
			runOnlyForDeploymentPostprocessing = 0;
		};
		D4FDB1592BA79FB6004DAEA7 /* Frameworks */ = {
			isa = PBXFrameworksBuildPhase;
			buildActionMask = 2147483647;
			files = (
				D43017072BA8D9220061875E /* SnapshotTesting in Frameworks */,
				D43017052BA8D91E0061875E /* InlineSnapshotTesting in Frameworks */,
				ADF0C8DE47039493898EA931 /* Pods_TrackerAppTests.framework in Frameworks */,
			);
			runOnlyForDeploymentPostprocessing = 0;
		};
/* End PBXFrameworksBuildPhase section */

/* Begin PBXGroup section */
		3BCF3C4324AE2EA9AE9AB90E /* Pods */ = {
			isa = PBXGroup;
			children = (
				9A21C14B1C894B2B3DC48931 /* Pods-TrackerApp.debug.xcconfig */,
				30E42E831843B3911B1380C2 /* Pods-TrackerApp.release.xcconfig */,
				F0770DCFBC73B6D819C47DFE /* Pods-TrackerAppTests.debug.xcconfig */,
				23C4947040F8661B0937035C /* Pods-TrackerAppTests.release.xcconfig */,
			);
			path = Pods;
			sourceTree = "<group>";
		};
		4F760CE1A55B044FA956FC00 /* Frameworks */ = {
			isa = PBXGroup;
			children = (
				79D9B8288780D663D84258E5 /* Pods_TrackerApp.framework */,
				64DDA9E3E8FA3EE64F06422A /* Pods_TrackerAppTests.framework */,
			);
			name = Frameworks;
			sourceTree = "<group>";
		};
		D47968A72BA762EC008A1128 /* Statistics */ = {
			isa = PBXGroup;
			children = (
				D47968A82BA76301008A1128 /* StatisticsView.swift */,
				D4BAC4322B55FCB20079C803 /* StatsViewController.swift */,
			);
			path = Statistics;
			sourceTree = "<group>";
		};
		D49375932B0B80AE00C8B78C = {
			isa = PBXGroup;
			children = (
				D493759E2B0B80AE00C8B78C /* TrackerApp */,
				D4FDB15D2BA79FB6004DAEA7 /* TrackerAppTests */,
				D493759D2B0B80AE00C8B78C /* Products */,
				3BCF3C4324AE2EA9AE9AB90E /* Pods */,
				4F760CE1A55B044FA956FC00 /* Frameworks */,
			);
			sourceTree = "<group>";
		};
		D493759D2B0B80AE00C8B78C /* Products */ = {
			isa = PBXGroup;
			children = (
				D493759C2B0B80AE00C8B78C /* TrackerApp.app */,
				D4FDB15C2BA79FB6004DAEA7 /* TrackerAppTests.xctest */,
			);
			name = Products;
			sourceTree = "<group>";
		};
		D493759E2B0B80AE00C8B78C /* TrackerApp */ = {
			isa = PBXGroup;
			children = (
				D47968A72BA762EC008A1128 /* Statistics */,
				D4AB2E672B9A724200249B34 /* Onboarding */,
				D4AB2E5A2B94D1BB00249B34 /* Category */,
				D4A25BFB2B87AD6900806D4A /* Store */,
				D4A25BFA2B794A9600806D4A /* EmojisAndColours */,
				D4A25BF92B794A6800806D4A /* AddItem */,
				D493759F2B0B80AE00C8B78C /* AppDelegate.swift */,
				D4BAC4302B55F8CA0079C803 /* TabBarController.swift */,
				D4A25BF72B794A3200806D4A /* Trackers */,
				D49375A12B0B80AE00C8B78C /* SceneDelegate.swift */,
				D49375A52B0B80AE00C8B78C /* Main.storyboard */,
				D49375A82B0B80B100C8B78C /* Assets.xcassets */,
				D49375AA2B0B80B100C8B78C /* LaunchScreen.storyboard */,
				D49375AD2B0B80B100C8B78C /* Info.plist */,
				D4BAC42E2B55ED2B0079C803 /* TrackersViewController.swift */,
				D47968AA2BA7687B008A1128 /* FilterViewController.swift */,
				D4BAC4362B56C4E90079C803 /* SelectTypeViewController.swift */,
				D4A25C072B87B96800806D4A /* Model.xcdatamodeld */,
				D4EC51AC2B5F3332009A3CD9 /* AddCategoryViewController.swift */,
				D4BAC4342B55FF380079C803 /* Structures.swift */,
				D4EC51AE2B6C4F96009A3CD9 /* SchedulingViewController.swift */,
				D47968A42BA673D1008A1128 /* Localizable.strings */,
				D4E33B5A2BA784000056652F /* AnalyticsService.swift */,
			);
			path = TrackerApp;
			sourceTree = "<group>";
		};
		D4A25BF72B794A3200806D4A /* Trackers */ = {
			isa = PBXGroup;
			children = (
				D4EC51B22B6C70BB009A3CD9 /* TrackersCollectionViewCell.swift */,
				D4EC51B02B6C6EF1009A3CD9 /* TrackersSupplementaryView.swift */,
				D40F07512BA78DCA0010EACE /* EditTrackerViewController.swift */,
			);
			path = Trackers;
			sourceTree = "<group>";
		};
		D4A25BF92B794A6800806D4A /* AddItem */ = {
			isa = PBXGroup;
			children = (
				D4BAC4382B56CCB10079C803 /* AddItemTrackedViewController.swift */,
				D4EC51AA2B5F3217009A3CD9 /* AddItemTrackedSupplView.swift */,
			);
			path = AddItem;
			sourceTree = "<group>";
		};
		D4A25BFA2B794A9600806D4A /* EmojisAndColours */ = {
			isa = PBXGroup;
			children = (
				D4EC51A62B5F3094009A3CD9 /* EmojisCollectionViewCell.swift */,
				D4EC51A82B5F314E009A3CD9 /* ColoursCollectionViewCell.swift */,
			);
			path = EmojisAndColours;
			sourceTree = "<group>";
		};
		D4A25BFB2B87AD6900806D4A /* Store */ = {
			isa = PBXGroup;
			children = (
				D4A25BFC2B87AD8B00806D4A /* TrackerCategoryStore.swift */,
				D4A25C0A2B87C21200806D4A /* TrackerRecordStore.swift */,
				D4A25BFE2B87AE5900806D4A /* TrackerStore.swift */,
				D4A25C032B87B37700806D4A /* UIColourMarshalling.swift */,
				D4A25C052B87B3AA00806D4A /* UIScheduleMarshalling.swift */,
			);
			path = Store;
			sourceTree = "<group>";
		};
		D4AB2E5A2B94D1BB00249B34 /* Category */ = {
			isa = PBXGroup;
			children = (
				D4AB2E5B2B94D1E900249B34 /* CategoryModel.swift */,
				D4AB2E612B9A4EE700249B34 /* CreateNewCategoryViewController.swift */,
				D4AB2E5D2B94D24D00249B34 /* CategoryViewController.swift */,
				D4AB2E632B9A63DB00249B34 /* TrackerCategoryViewCell.swift */,
				D4AB2E5F2B9A4B9800249B34 /* CategoryViewModel.swift */,
				D4AB2E652B9A64B600249B34 /* Observable.swift */,
			);
			path = Category;
			sourceTree = "<group>";
		};
		D4AB2E672B9A724200249B34 /* Onboarding */ = {
			isa = PBXGroup;
			children = (
				D4AB2E682B9A725100249B34 /* OnboardingViewController.swift */,
				D4AB2E6A2B9A72A800249B34 /* OnboardingPageViewController.swift */,
			);
			path = Onboarding;
			sourceTree = "<group>";
		};
		D4FDB15D2BA79FB6004DAEA7 /* TrackerAppTests */ = {
			isa = PBXGroup;
			children = (
				D4FDB15E2BA79FB6004DAEA7 /* TrackerAppTests.swift */,
			);
			path = TrackerAppTests;
			sourceTree = "<group>";
		};
/* End PBXGroup section */

/* Begin PBXNativeTarget section */
		D493759B2B0B80AE00C8B78C /* TrackerApp */ = {
			isa = PBXNativeTarget;
			buildConfigurationList = D49375B02B0B80B100C8B78C /* Build configuration list for PBXNativeTarget "TrackerApp" */;
			buildPhases = (
				6A87184A8EACA18687A1A11D /* [CP] Check Pods Manifest.lock */,
				D49375982B0B80AE00C8B78C /* Sources */,
				D49375992B0B80AE00C8B78C /* Frameworks */,
				D493759A2B0B80AE00C8B78C /* Resources */,
				A49796F3D25BB38A478205FB /* [CP] Embed Pods Frameworks */,
			);
			buildRules = (
			);
			dependencies = (
			);
			name = TrackerApp;
			productName = TrackerApp;
			productReference = D493759C2B0B80AE00C8B78C /* TrackerApp.app */;
			productType = "com.apple.product-type.application";
		};
		D4FDB15B2BA79FB6004DAEA7 /* TrackerAppTests */ = {
			isa = PBXNativeTarget;
			buildConfigurationList = D4FDB1622BA79FB6004DAEA7 /* Build configuration list for PBXNativeTarget "TrackerAppTests" */;
			buildPhases = (
				18F45A6C2ADA8F9ABE255F87 /* [CP] Check Pods Manifest.lock */,
				D4FDB1582BA79FB6004DAEA7 /* Sources */,
				D4FDB1592BA79FB6004DAEA7 /* Frameworks */,
				D4FDB15A2BA79FB6004DAEA7 /* Resources */,
			);
			buildRules = (
			);
			dependencies = (
				D4FDB1612BA79FB6004DAEA7 /* PBXTargetDependency */,
			);
			name = TrackerAppTests;
			packageProductDependencies = (
				D43017042BA8D91E0061875E /* InlineSnapshotTesting */,
				D43017062BA8D9220061875E /* SnapshotTesting */,
			);
			productName = TrackerAppTests;
			productReference = D4FDB15C2BA79FB6004DAEA7 /* TrackerAppTests.xctest */;
			productType = "com.apple.product-type.bundle.unit-test";
		};
/* End PBXNativeTarget section */

/* Begin PBXProject section */
		D49375942B0B80AE00C8B78C /* Project object */ = {
			isa = PBXProject;
			attributes = {
				BuildIndependentTargetsInParallel = 1;
				LastSwiftUpdateCheck = 1420;
				LastUpgradeCheck = 1420;
				TargetAttributes = {
					D493759B2B0B80AE00C8B78C = {
						CreatedOnToolsVersion = 14.2;
					};
					D4FDB15B2BA79FB6004DAEA7 = {
						CreatedOnToolsVersion = 14.2;
						TestTargetID = D493759B2B0B80AE00C8B78C;
					};
				};
			};
			buildConfigurationList = D49375972B0B80AE00C8B78C /* Build configuration list for PBXProject "TrackerApp" */;
			compatibilityVersion = "Xcode 14.0";
			developmentRegion = en;
			hasScannedForEncodings = 0;
			knownRegions = (
				en,
				Base,
				ru,
			);
			mainGroup = D49375932B0B80AE00C8B78C;
			packageReferences = (
				D40F07602BA79B1B0010EACE /* XCRemoteSwiftPackageReference "swift-snapshot-testing" */,
			);
			productRefGroup = D493759D2B0B80AE00C8B78C /* Products */;
			projectDirPath = "";
			projectRoot = "";
			targets = (
				D493759B2B0B80AE00C8B78C /* TrackerApp */,
				D4FDB15B2BA79FB6004DAEA7 /* TrackerAppTests */,
			);
		};
/* End PBXProject section */

/* Begin PBXResourcesBuildPhase section */
		D493759A2B0B80AE00C8B78C /* Resources */ = {
			isa = PBXResourcesBuildPhase;
			buildActionMask = 2147483647;
			files = (
				D49375AC2B0B80B100C8B78C /* LaunchScreen.storyboard in Resources */,
				D47968A22BA673D1008A1128 /* Localizable.strings in Resources */,
				D49375A92B0B80B100C8B78C /* Assets.xcassets in Resources */,
				D49375A72B0B80AE00C8B78C /* Main.storyboard in Resources */,
			);
			runOnlyForDeploymentPostprocessing = 0;
		};
		D4FDB15A2BA79FB6004DAEA7 /* Resources */ = {
			isa = PBXResourcesBuildPhase;
			buildActionMask = 2147483647;
			files = (
			);
			runOnlyForDeploymentPostprocessing = 0;
		};
/* End PBXResourcesBuildPhase section */

/* Begin PBXShellScriptBuildPhase section */
		18F45A6C2ADA8F9ABE255F87 /* [CP] Check Pods Manifest.lock */ = {
			isa = PBXShellScriptBuildPhase;
			buildActionMask = 2147483647;
			files = (
			);
			inputFileListPaths = (
			);
			inputPaths = (
				"${PODS_PODFILE_DIR_PATH}/Podfile.lock",
				"${PODS_ROOT}/Manifest.lock",
			);
			name = "[CP] Check Pods Manifest.lock";
			outputFileListPaths = (
			);
			outputPaths = (
				"$(DERIVED_FILE_DIR)/Pods-TrackerAppTests-checkManifestLockResult.txt",
			);
			runOnlyForDeploymentPostprocessing = 0;
			shellPath = /bin/sh;
			shellScript = "diff \"${PODS_PODFILE_DIR_PATH}/Podfile.lock\" \"${PODS_ROOT}/Manifest.lock\" > /dev/null\nif [ $? != 0 ] ; then\n    # print error to STDERR\n    echo \"error: The sandbox is not in sync with the Podfile.lock. Run 'pod install' or update your CocoaPods installation.\" >&2\n    exit 1\nfi\n# This output is used by Xcode 'outputs' to avoid re-running this script phase.\necho \"SUCCESS\" > \"${SCRIPT_OUTPUT_FILE_0}\"\n";
			showEnvVarsInLog = 0;
		};
		6A87184A8EACA18687A1A11D /* [CP] Check Pods Manifest.lock */ = {
			isa = PBXShellScriptBuildPhase;
			buildActionMask = 2147483647;
			files = (
			);
			inputFileListPaths = (
			);
			inputPaths = (
				"${PODS_PODFILE_DIR_PATH}/Podfile.lock",
				"${PODS_ROOT}/Manifest.lock",
			);
			name = "[CP] Check Pods Manifest.lock";
			outputFileListPaths = (
			);
			outputPaths = (
				"$(DERIVED_FILE_DIR)/Pods-TrackerApp-checkManifestLockResult.txt",
			);
			runOnlyForDeploymentPostprocessing = 0;
			shellPath = /bin/sh;
			shellScript = "diff \"${PODS_PODFILE_DIR_PATH}/Podfile.lock\" \"${PODS_ROOT}/Manifest.lock\" > /dev/null\nif [ $? != 0 ] ; then\n    # print error to STDERR\n    echo \"error: The sandbox is not in sync with the Podfile.lock. Run 'pod install' or update your CocoaPods installation.\" >&2\n    exit 1\nfi\n# This output is used by Xcode 'outputs' to avoid re-running this script phase.\necho \"SUCCESS\" > \"${SCRIPT_OUTPUT_FILE_0}\"\n";
			showEnvVarsInLog = 0;
		};
		A49796F3D25BB38A478205FB /* [CP] Embed Pods Frameworks */ = {
			isa = PBXShellScriptBuildPhase;
			buildActionMask = 2147483647;
			files = (
			);
			inputFileListPaths = (
				"${PODS_ROOT}/Target Support Files/Pods-TrackerApp/Pods-TrackerApp-frameworks-${CONFIGURATION}-input-files.xcfilelist",
			);
			name = "[CP] Embed Pods Frameworks";
			outputFileListPaths = (
				"${PODS_ROOT}/Target Support Files/Pods-TrackerApp/Pods-TrackerApp-frameworks-${CONFIGURATION}-output-files.xcfilelist",
			);
			runOnlyForDeploymentPostprocessing = 0;
			shellPath = /bin/sh;
			shellScript = "\"${PODS_ROOT}/Target Support Files/Pods-TrackerApp/Pods-TrackerApp-frameworks.sh\"\n";
			showEnvVarsInLog = 0;
		};
/* End PBXShellScriptBuildPhase section */

/* Begin PBXSourcesBuildPhase section */
		D49375982B0B80AE00C8B78C /* Sources */ = {
			isa = PBXSourcesBuildPhase;
			buildActionMask = 2147483647;
			files = (
				D49375A02B0B80AE00C8B78C /* AppDelegate.swift in Sources */,
				D4AB2E642B9A63DB00249B34 /* TrackerCategoryViewCell.swift in Sources */,
				D4EC51B12B6C6EF1009A3CD9 /* TrackersSupplementaryView.swift in Sources */,
				D4EC51AF2B6C4F96009A3CD9 /* SchedulingViewController.swift in Sources */,
				D4AB2E5E2B94D24D00249B34 /* CategoryViewController.swift in Sources */,
				D4AB2E602B9A4B9800249B34 /* CategoryViewModel.swift in Sources */,
				D4AB2E622B9A4EE700249B34 /* CreateNewCategoryViewController.swift in Sources */,
				D4A25C062B87B3AA00806D4A /* UIScheduleMarshalling.swift in Sources */,
				D4EC51B32B6C70BB009A3CD9 /* TrackersCollectionViewCell.swift in Sources */,
				D4AB2E6B2B9A72A800249B34 /* OnboardingPageViewController.swift in Sources */,
				D4E33B5B2BA784000056652F /* AnalyticsService.swift in Sources */,
				D4BAC4372B56C4E90079C803 /* SelectTypeViewController.swift in Sources */,
				D4EC51A72B5F3094009A3CD9 /* EmojisCollectionViewCell.swift in Sources */,
				D4AB2E692B9A725100249B34 /* OnboardingViewController.swift in Sources */,
				D4AB2E5C2B94D1E900249B34 /* CategoryModel.swift in Sources */,
				D49375A22B0B80AE00C8B78C /* SceneDelegate.swift in Sources */,
				D4AB2E662B9A64B600249B34 /* Observable.swift in Sources */,
				D4EC51A92B5F314E009A3CD9 /* ColoursCollectionViewCell.swift in Sources */,
				D4A25C042B87B37700806D4A /* UIColourMarshalling.swift in Sources */,
				D4EC51AD2B5F3332009A3CD9 /* AddCategoryViewController.swift in Sources */,
				D4BAC4352B55FF380079C803 /* Structures.swift in Sources */,
				D4BAC4312B55F8CA0079C803 /* TabBarController.swift in Sources */,
				D4BAC4332B55FCB20079C803 /* StatsViewController.swift in Sources */,
				D4A25BFD2B87AD8B00806D4A /* TrackerCategoryStore.swift in Sources */,
				D47968AB2BA7687B008A1128 /* FilterViewController.swift in Sources */,
				D4BAC42F2B55ED2B0079C803 /* TrackersViewController.swift in Sources */,
				D40F07522BA78DCA0010EACE /* EditTrackerViewController.swift in Sources */,
				D4A25C0B2B87C21200806D4A /* TrackerRecordStore.swift in Sources */,
				D4A25C092B87B96800806D4A /* Model.xcdatamodeld in Sources */,
				D4EC51AB2B5F3217009A3CD9 /* AddItemTrackedSupplView.swift in Sources */,
				D4BAC4392B56CCB10079C803 /* AddItemTrackedViewController.swift in Sources */,
				D47968A92BA76301008A1128 /* StatisticsView.swift in Sources */,
				D4A25BFF2B87AE5900806D4A /* TrackerStore.swift in Sources */,
			);
			runOnlyForDeploymentPostprocessing = 0;
		};
		D4FDB1582BA79FB6004DAEA7 /* Sources */ = {
			isa = PBXSourcesBuildPhase;
			buildActionMask = 2147483647;
			files = (
				D4FDB15F2BA79FB6004DAEA7 /* TrackerAppTests.swift in Sources */,
			);
			runOnlyForDeploymentPostprocessing = 0;
		};
/* End PBXSourcesBuildPhase section */

/* Begin PBXTargetDependency section */
		D4FDB1612BA79FB6004DAEA7 /* PBXTargetDependency */ = {
			isa = PBXTargetDependency;
			target = D493759B2B0B80AE00C8B78C /* TrackerApp */;
			targetProxy = D4FDB1602BA79FB6004DAEA7 /* PBXContainerItemProxy */;
		};
/* End PBXTargetDependency section */

/* Begin PBXVariantGroup section */
		D47968A42BA673D1008A1128 /* Localizable.strings */ = {
			isa = PBXVariantGroup;
			children = (
				D47968A32BA673D1008A1128 /* en */,
				D47968A62BA673FF008A1128 /* ru */,
			);
			name = Localizable.strings;
			sourceTree = "<group>";
		};
		D49375A52B0B80AE00C8B78C /* Main.storyboard */ = {
			isa = PBXVariantGroup;
			children = (
				D49375A62B0B80AE00C8B78C /* Base */,
			);
			name = Main.storyboard;
			sourceTree = "<group>";
		};
		D49375AA2B0B80B100C8B78C /* LaunchScreen.storyboard */ = {
			isa = PBXVariantGroup;
			children = (
				D49375AB2B0B80B100C8B78C /* Base */,
			);
			name = LaunchScreen.storyboard;
			sourceTree = "<group>";
		};
/* End PBXVariantGroup section */

/* Begin XCBuildConfiguration section */
		D49375AE2B0B80B100C8B78C /* Debug */ = {
			isa = XCBuildConfiguration;
			buildSettings = {
				ALWAYS_SEARCH_USER_PATHS = NO;
				ASSETCATALOG_COMPILER_APPICON_NAME = "";
				CLANG_ANALYZER_LOCALIZABILITY_NONLOCALIZED = YES;
				CLANG_ANALYZER_NONNULL = YES;
				CLANG_ANALYZER_NUMBER_OBJECT_CONVERSION = YES_AGGRESSIVE;
				CLANG_CXX_LANGUAGE_STANDARD = "gnu++20";
				CLANG_ENABLE_MODULES = YES;
				CLANG_ENABLE_OBJC_ARC = YES;
				CLANG_ENABLE_OBJC_WEAK = YES;
				CLANG_WARN_BLOCK_CAPTURE_AUTORELEASING = YES;
				CLANG_WARN_BOOL_CONVERSION = YES;
				CLANG_WARN_COMMA = YES;
				CLANG_WARN_CONSTANT_CONVERSION = YES;
				CLANG_WARN_DEPRECATED_OBJC_IMPLEMENTATIONS = YES;
				CLANG_WARN_DIRECT_OBJC_ISA_USAGE = YES_ERROR;
				CLANG_WARN_DOCUMENTATION_COMMENTS = YES;
				CLANG_WARN_EMPTY_BODY = YES;
				CLANG_WARN_ENUM_CONVERSION = YES;
				CLANG_WARN_INFINITE_RECURSION = YES;
				CLANG_WARN_INT_CONVERSION = YES;
				CLANG_WARN_NON_LITERAL_NULL_CONVERSION = YES;
				CLANG_WARN_OBJC_IMPLICIT_RETAIN_SELF = YES;
				CLANG_WARN_OBJC_LITERAL_CONVERSION = YES;
				CLANG_WARN_OBJC_ROOT_CLASS = YES_ERROR;
				CLANG_WARN_QUOTED_INCLUDE_IN_FRAMEWORK_HEADER = YES;
				CLANG_WARN_RANGE_LOOP_ANALYSIS = YES;
				CLANG_WARN_STRICT_PROTOTYPES = YES;
				CLANG_WARN_SUSPICIOUS_MOVE = YES;
				CLANG_WARN_UNGUARDED_AVAILABILITY = YES_AGGRESSIVE;
				CLANG_WARN_UNREACHABLE_CODE = YES;
				CLANG_WARN__DUPLICATE_METHOD_MATCH = YES;
				COPY_PHASE_STRIP = NO;
				DEBUG_INFORMATION_FORMAT = dwarf;
				ENABLE_STRICT_OBJC_MSGSEND = YES;
				ENABLE_TESTABILITY = YES;
				GCC_C_LANGUAGE_STANDARD = gnu11;
				GCC_DYNAMIC_NO_PIC = NO;
				GCC_NO_COMMON_BLOCKS = YES;
				GCC_OPTIMIZATION_LEVEL = 0;
				GCC_PREPROCESSOR_DEFINITIONS = (
					"DEBUG=1",
					"$(inherited)",
				);
				GCC_WARN_64_TO_32_BIT_CONVERSION = YES;
				GCC_WARN_ABOUT_RETURN_TYPE = YES_ERROR;
				GCC_WARN_UNDECLARED_SELECTOR = YES;
				GCC_WARN_UNINITIALIZED_AUTOS = YES_AGGRESSIVE;
				GCC_WARN_UNUSED_FUNCTION = YES;
				GCC_WARN_UNUSED_VARIABLE = YES;
				IPHONEOS_DEPLOYMENT_TARGET = 16.2;
				MTL_ENABLE_DEBUG_INFO = INCLUDE_SOURCE;
				MTL_FAST_MATH = YES;
				ONLY_ACTIVE_ARCH = YES;
				SDKROOT = iphoneos;
				SWIFT_ACTIVE_COMPILATION_CONDITIONS = DEBUG;
				SWIFT_OPTIMIZATION_LEVEL = "-Onone";
			};
			name = Debug;
		};
		D49375AF2B0B80B100C8B78C /* Release */ = {
			isa = XCBuildConfiguration;
			buildSettings = {
				ALWAYS_SEARCH_USER_PATHS = NO;
				ASSETCATALOG_COMPILER_APPICON_NAME = "";
				CLANG_ANALYZER_LOCALIZABILITY_NONLOCALIZED = YES;
				CLANG_ANALYZER_NONNULL = YES;
				CLANG_ANALYZER_NUMBER_OBJECT_CONVERSION = YES_AGGRESSIVE;
				CLANG_CXX_LANGUAGE_STANDARD = "gnu++20";
				CLANG_ENABLE_MODULES = YES;
				CLANG_ENABLE_OBJC_ARC = YES;
				CLANG_ENABLE_OBJC_WEAK = YES;
				CLANG_WARN_BLOCK_CAPTURE_AUTORELEASING = YES;
				CLANG_WARN_BOOL_CONVERSION = YES;
				CLANG_WARN_COMMA = YES;
				CLANG_WARN_CONSTANT_CONVERSION = YES;
				CLANG_WARN_DEPRECATED_OBJC_IMPLEMENTATIONS = YES;
				CLANG_WARN_DIRECT_OBJC_ISA_USAGE = YES_ERROR;
				CLANG_WARN_DOCUMENTATION_COMMENTS = YES;
				CLANG_WARN_EMPTY_BODY = YES;
				CLANG_WARN_ENUM_CONVERSION = YES;
				CLANG_WARN_INFINITE_RECURSION = YES;
				CLANG_WARN_INT_CONVERSION = YES;
				CLANG_WARN_NON_LITERAL_NULL_CONVERSION = YES;
				CLANG_WARN_OBJC_IMPLICIT_RETAIN_SELF = YES;
				CLANG_WARN_OBJC_LITERAL_CONVERSION = YES;
				CLANG_WARN_OBJC_ROOT_CLASS = YES_ERROR;
				CLANG_WARN_QUOTED_INCLUDE_IN_FRAMEWORK_HEADER = YES;
				CLANG_WARN_RANGE_LOOP_ANALYSIS = YES;
				CLANG_WARN_STRICT_PROTOTYPES = YES;
				CLANG_WARN_SUSPICIOUS_MOVE = YES;
				CLANG_WARN_UNGUARDED_AVAILABILITY = YES_AGGRESSIVE;
				CLANG_WARN_UNREACHABLE_CODE = YES;
				CLANG_WARN__DUPLICATE_METHOD_MATCH = YES;
				COPY_PHASE_STRIP = NO;
				DEBUG_INFORMATION_FORMAT = "dwarf-with-dsym";
				ENABLE_NS_ASSERTIONS = NO;
				ENABLE_STRICT_OBJC_MSGSEND = YES;
				GCC_C_LANGUAGE_STANDARD = gnu11;
				GCC_NO_COMMON_BLOCKS = YES;
				GCC_WARN_64_TO_32_BIT_CONVERSION = YES;
				GCC_WARN_ABOUT_RETURN_TYPE = YES_ERROR;
				GCC_WARN_UNDECLARED_SELECTOR = YES;
				GCC_WARN_UNINITIALIZED_AUTOS = YES_AGGRESSIVE;
				GCC_WARN_UNUSED_FUNCTION = YES;
				GCC_WARN_UNUSED_VARIABLE = YES;
				IPHONEOS_DEPLOYMENT_TARGET = 16.2;
				MTL_ENABLE_DEBUG_INFO = NO;
				MTL_FAST_MATH = YES;
				SDKROOT = iphoneos;
				SWIFT_COMPILATION_MODE = wholemodule;
				SWIFT_OPTIMIZATION_LEVEL = "-O";
				VALIDATE_PRODUCT = YES;
			};
			name = Release;
		};
		D49375B12B0B80B100C8B78C /* Debug */ = {
			isa = XCBuildConfiguration;
			baseConfigurationReference = 9A21C14B1C894B2B3DC48931 /* Pods-TrackerApp.debug.xcconfig */;
			buildSettings = {
				ASSETCATALOG_COMPILER_GLOBAL_ACCENT_COLOR_NAME = AccentColor;
				CODE_SIGN_STYLE = Automatic;
				CURRENT_PROJECT_VERSION = 1;
				GENERATE_INFOPLIST_FILE = YES;
				INFOPLIST_FILE = TrackerApp/Info.plist;
				INFOPLIST_KEY_UIApplicationSupportsIndirectInputEvents = YES;
				INFOPLIST_KEY_UILaunchStoryboardName = LaunchScreen;
				INFOPLIST_KEY_UIMainStoryboardFile = Main;
				INFOPLIST_KEY_UISupportedInterfaceOrientations = UIInterfaceOrientationPortrait;
				INFOPLIST_KEY_UISupportedInterfaceOrientations_iPad = "UIInterfaceOrientationLandscapeLeft UIInterfaceOrientationLandscapeRight UIInterfaceOrientationPortrait UIInterfaceOrientationPortraitUpsideDown";
				IPHONEOS_DEPLOYMENT_TARGET = 13.4;
				LD_RUNPATH_SEARCH_PATHS = (
					"$(inherited)",
					"@executable_path/Frameworks",
				);
				MARKETING_VERSION = 1.0;
				PRODUCT_BUNDLE_IDENTIFIER = ru.yandex.practicum.TrackerApp;
				PRODUCT_NAME = "$(TARGET_NAME)";
				SUPPORTED_PLATFORMS = "iphoneos iphonesimulator";
				SUPPORTS_MACCATALYST = NO;
				SUPPORTS_MAC_DESIGNED_FOR_IPHONE_IPAD = YES;
				SWIFT_EMIT_LOC_STRINGS = YES;
				SWIFT_VERSION = 5.0;
				TARGETED_DEVICE_FAMILY = 1;
			};
			name = Debug;
		};
		D49375B22B0B80B100C8B78C /* Release */ = {
			isa = XCBuildConfiguration;
			baseConfigurationReference = 30E42E831843B3911B1380C2 /* Pods-TrackerApp.release.xcconfig */;
			buildSettings = {
				ASSETCATALOG_COMPILER_GLOBAL_ACCENT_COLOR_NAME = AccentColor;
				CODE_SIGN_STYLE = Automatic;
				CURRENT_PROJECT_VERSION = 1;
				GENERATE_INFOPLIST_FILE = YES;
				INFOPLIST_FILE = TrackerApp/Info.plist;
				INFOPLIST_KEY_UIApplicationSupportsIndirectInputEvents = YES;
				INFOPLIST_KEY_UILaunchStoryboardName = LaunchScreen;
				INFOPLIST_KEY_UIMainStoryboardFile = Main;
				INFOPLIST_KEY_UISupportedInterfaceOrientations = UIInterfaceOrientationPortrait;
				INFOPLIST_KEY_UISupportedInterfaceOrientations_iPad = "UIInterfaceOrientationLandscapeLeft UIInterfaceOrientationLandscapeRight UIInterfaceOrientationPortrait UIInterfaceOrientationPortraitUpsideDown";
				IPHONEOS_DEPLOYMENT_TARGET = 13.4;
				LD_RUNPATH_SEARCH_PATHS = (
					"$(inherited)",
					"@executable_path/Frameworks",
				);
				MARKETING_VERSION = 1.0;
				PRODUCT_BUNDLE_IDENTIFIER = ru.yandex.practicum.TrackerApp;
				PRODUCT_NAME = "$(TARGET_NAME)";
				SUPPORTED_PLATFORMS = "iphoneos iphonesimulator";
				SUPPORTS_MACCATALYST = NO;
				SUPPORTS_MAC_DESIGNED_FOR_IPHONE_IPAD = YES;
				SWIFT_EMIT_LOC_STRINGS = YES;
				SWIFT_VERSION = 5.0;
				TARGETED_DEVICE_FAMILY = 1;
			};
			name = Release;
		};
		D4FDB1632BA79FB6004DAEA7 /* Debug */ = {
			isa = XCBuildConfiguration;
			baseConfigurationReference = F0770DCFBC73B6D819C47DFE /* Pods-TrackerAppTests.debug.xcconfig */;
			buildSettings = {
				BUNDLE_LOADER = "$(TEST_HOST)";
				CODE_SIGN_STYLE = Automatic;
				CURRENT_PROJECT_VERSION = 1;
				GENERATE_INFOPLIST_FILE = YES;
				MARKETING_VERSION = 1.0;
				PRODUCT_BUNDLE_IDENTIFIER = ru.yandex.practicum.TrackerAppTests;
				PRODUCT_NAME = "$(TARGET_NAME)";
				SWIFT_EMIT_LOC_STRINGS = NO;
				SWIFT_VERSION = 5.0;
				TARGETED_DEVICE_FAMILY = "1,2";
				TEST_HOST = "$(BUILT_PRODUCTS_DIR)/TrackerApp.app/$(BUNDLE_EXECUTABLE_FOLDER_PATH)/TrackerApp";
			};
			name = Debug;
		};
		D4FDB1642BA79FB6004DAEA7 /* Release */ = {
			isa = XCBuildConfiguration;
			baseConfigurationReference = 23C4947040F8661B0937035C /* Pods-TrackerAppTests.release.xcconfig */;
			buildSettings = {
				BUNDLE_LOADER = "$(TEST_HOST)";
				CODE_SIGN_STYLE = Automatic;
				CURRENT_PROJECT_VERSION = 1;
				GENERATE_INFOPLIST_FILE = YES;
				MARKETING_VERSION = 1.0;
				PRODUCT_BUNDLE_IDENTIFIER = ru.yandex.practicum.TrackerAppTests;
				PRODUCT_NAME = "$(TARGET_NAME)";
				SWIFT_EMIT_LOC_STRINGS = NO;
				SWIFT_VERSION = 5.0;
				TARGETED_DEVICE_FAMILY = "1,2";
				TEST_HOST = "$(BUILT_PRODUCTS_DIR)/TrackerApp.app/$(BUNDLE_EXECUTABLE_FOLDER_PATH)/TrackerApp";
			};
			name = Release;
		};
/* End XCBuildConfiguration section */

/* Begin XCConfigurationList section */
		D49375972B0B80AE00C8B78C /* Build configuration list for PBXProject "TrackerApp" */ = {
			isa = XCConfigurationList;
			buildConfigurations = (
				D49375AE2B0B80B100C8B78C /* Debug */,
				D49375AF2B0B80B100C8B78C /* Release */,
			);
			defaultConfigurationIsVisible = 0;
			defaultConfigurationName = Release;
		};
		D49375B02B0B80B100C8B78C /* Build configuration list for PBXNativeTarget "TrackerApp" */ = {
			isa = XCConfigurationList;
			buildConfigurations = (
				D49375B12B0B80B100C8B78C /* Debug */,
				D49375B22B0B80B100C8B78C /* Release */,
			);
			defaultConfigurationIsVisible = 0;
			defaultConfigurationName = Release;
		};
		D4FDB1622BA79FB6004DAEA7 /* Build configuration list for PBXNativeTarget "TrackerAppTests" */ = {
			isa = XCConfigurationList;
			buildConfigurations = (
				D4FDB1632BA79FB6004DAEA7 /* Debug */,
				D4FDB1642BA79FB6004DAEA7 /* Release */,
			);
			defaultConfigurationIsVisible = 0;
			defaultConfigurationName = Release;
		};
/* End XCConfigurationList section */

/* Begin XCRemoteSwiftPackageReference section */
		D40F07602BA79B1B0010EACE /* XCRemoteSwiftPackageReference "swift-snapshot-testing" */ = {
			isa = XCRemoteSwiftPackageReference;
			repositoryURL = "https://github.com/pointfreeco/swift-snapshot-testing";
			requirement = {
				kind = upToNextMajorVersion;
				minimumVersion = 1.0.0;
			};
		};
/* End XCRemoteSwiftPackageReference section */

/* Begin XCSwiftPackageProductDependency section */
		D43017042BA8D91E0061875E /* InlineSnapshotTesting */ = {
			isa = XCSwiftPackageProductDependency;
			package = D40F07602BA79B1B0010EACE /* XCRemoteSwiftPackageReference "swift-snapshot-testing" */;
			productName = InlineSnapshotTesting;
		};
		D43017062BA8D9220061875E /* SnapshotTesting */ = {
			isa = XCSwiftPackageProductDependency;
			package = D40F07602BA79B1B0010EACE /* XCRemoteSwiftPackageReference "swift-snapshot-testing" */;
			productName = SnapshotTesting;
		};
/* End XCSwiftPackageProductDependency section */

/* Begin XCVersionGroup section */
		D4A25C072B87B96800806D4A /* Model.xcdatamodeld */ = {
			isa = XCVersionGroup;
			children = (
				D4A25C082B87B96800806D4A /* Model.xcdatamodel */,
			);
			currentVersion = D4A25C082B87B96800806D4A /* Model.xcdatamodel */;
			path = Model.xcdatamodeld;
			sourceTree = "<group>";
			versionGroupType = wrapper.xcdatamodel;
		};
/* End XCVersionGroup section */
	};
	rootObject = D49375942B0B80AE00C8B78C /* Project object */;
}
